PODS:
  - SBAActionSheetPicker (1.11)

DEPENDENCIES:
  - SBAActionSheetPicker (from `https://github.com/shoaib-akhtar/SBAActionSheetPicker.git`)

EXTERNAL SOURCES:
  SBAActionSheetPicker:
    :git: https://github.com/shoaib-akhtar/SBAActionSheetPicker.git

CHECKOUT OPTIONS:
  SBAActionSheetPicker:
    :commit: 1ff392ed6bf0e52888f088be860bc8d03207b4c5
    :git: https://github.com/shoaib-akhtar/SBAActionSheetPicker.git

SPEC CHECKSUMS:
  SBAActionSheetPicker: 3b96c456ed15a423883780f9c83c50f5f0be9a8d

PODFILE CHECKSUM: c9eb2d4ab134b8394d143d66afb6dc994701b085

COCOAPODS: 1.7.2
